
Microsoft Visual Studio Solution File, Format Version 12.00
# Visual Studio Version 17
VisualStudioVersion = 17.0.31903.59
MinimumVisualStudioVersion = 10.0.40219.1
Project("{FAE04EC0-301F-11D3-BF4B-00C04F79EFBC}") = "EmployeeTrainingManager.Domain", "EmployeeTrainingManager.Domain\EmployeeTrainingManager.Domain.csproj", "{0E0393BB-77FA-42C4-9626-C430C80B4CD5}"
EndProject
Project("{FAE04EC0-301F-11D3-BF4B-00C04F79EFBC}") = "EmployeeTrainingManager.Infrastructure", "EmployeeTrainingManager.Infrastructure\EmployeeTrainingManager.Infrastructure.csproj", "{AE541E31-D6CF-460E-899E-ADB6773D610C}"
EndProject
Project("{FAE04EC0-301F-11D3-BF4B-00C04F79EFBC}") = "EmployeeTrainingManager.Application", "EmployeeTrainingManager.Application\EmployeeTrainingManager.Application.csproj", "{547ADEAA-0A8D-4308-B4DF-51EFBCCB75ED}"
EndProject
Project("{FAE04EC0-301F-11D3-BF4B-00C04F79EFBC}") = "EmployeeTrainingManager.Presentation", "EmployeeTrainingManager.Presentation\EmployeeTrainingManager.Presentation.csproj", "{D0B9B7C5-5F99-47CE-B060-A9612E7A9F71}"
EndProject
Global
	GlobalSection(SolutionConfigurationPlatforms) = preSolution
		Debug|Any CPU = Debug|Any CPU
		Debug|x64 = Debug|x64
		Debug|x86 = Debug|x86
		Release|Any CPU = Release|Any CPU
		Release|x64 = Release|x64
		Release|x86 = Release|x86
	EndGlobalSection
	GlobalSection(ProjectConfigurationPlatforms) = postSolution
		{0E0393BB-77FA-42C4-9626-C430C80B4CD5}.Debug|Any CPU.ActiveCfg = Debug|Any CPU
		{0E0393BB-77FA-42C4-9626-C430C80B4CD5}.Debug|Any CPU.Build.0 = Debug|Any CPU
		{0E0393BB-77FA-42C4-9626-C430C80B4CD5}.Debug|x64.ActiveCfg = Debug|Any CPU
		{0E0393BB-77FA-42C4-9626-C430C80B4CD5}.Debug|x64.Build.0 = Debug|Any CPU
		{0E0393BB-77FA-42C4-9626-C430C80B4CD5}.Debug|x86.ActiveCfg = Debug|Any CPU
		{0E0393BB-77FA-42C4-9626-C430C80B4CD5}.Debug|x86.Build.0 = Debug|Any CPU
		{0E0393BB-77FA-42C4-9626-C430C80B4CD5}.Release|Any CPU.ActiveCfg = Release|Any CPU
		{0E0393BB-77FA-42C4-9626-C430C80B4CD5}.Release|Any CPU.Build.0 = Release|Any CPU
		{0E0393BB-77FA-42C4-9626-C430C80B4CD5}.Release|x64.ActiveCfg = Release|Any CPU
		{0E0393BB-77FA-42C4-9626-C430C80B4CD5}.Release|x64.Build.0 = Release|Any CPU
		{0E0393BB-77FA-42C4-9626-C430C80B4CD5}.Release|x86.ActiveCfg = Release|Any CPU
		{0E0393BB-77FA-42C4-9626-C430C80B4CD5}.Release|x86.Build.0 = Release|Any CPU
		{AE541E31-D6CF-460E-899E-ADB6773D610C}.Debug|Any CPU.ActiveCfg = Debug|Any CPU
		{AE541E31-D6CF-460E-899E-ADB6773D610C}.Debug|Any CPU.Build.0 = Debug|Any CPU
		{AE541E31-D6CF-460E-899E-ADB6773D610C}.Debug|x64.ActiveCfg = Debug|Any CPU
		{AE541E31-D6CF-460E-899E-ADB6773D610C}.Debug|x64.Build.0 = Debug|Any CPU
		{AE541E31-D6CF-460E-899E-ADB6773D610C}.Debug|x86.ActiveCfg = Debug|Any CPU
		{AE541E31-D6CF-460E-899E-ADB6773D610C}.Debug|x86.Build.0 = Debug|Any CPU
		{AE541E31-D6CF-460E-899E-ADB6773D610C}.Release|Any CPU.ActiveCfg = Release|Any CPU
		{AE541E31-D6CF-460E-899E-ADB6773D610C}.Release|Any CPU.Build.0 = Release|Any CPU
		{AE541E31-D6CF-460E-899E-ADB6773D610C}.Release|x64.ActiveCfg = Release|Any CPU
		{AE541E31-D6CF-460E-899E-ADB6773D610C}.Release|x64.Build.0 = Release|Any CPU
		{AE541E31-D6CF-460E-899E-ADB6773D610C}.Release|x86.ActiveCfg = Release|Any CPU
		{AE541E31-D6CF-460E-899E-ADB6773D610C}.Release|x86.Build.0 = Release|Any CPU
		{547ADEAA-0A8D-4308-B4DF-51EFBCCB75ED}.Debug|Any CPU.ActiveCfg = Debug|Any CPU
		{547ADEAA-0A8D-4308-B4DF-51EFBCCB75ED}.Debug|Any CPU.Build.0 = Debug|Any CPU
		{547ADEAA-0A8D-4308-B4DF-51EFBCCB75ED}.Debug|x64.ActiveCfg = Debug|Any CPU
		{547ADEAA-0A8D-4308-B4DF-51EFBCCB75ED}.Debug|x64.Build.0 = Debug|Any CPU
		{547ADEAA-0A8D-4308-B4DF-51EFBCCB75ED}.Debug|x86.ActiveCfg = Debug|Any CPU
		{547ADEAA-0A8D-4308-B4DF-51EFBCCB75ED}.Debug|x86.Build.0 = Debug|Any CPU
		{547ADEAA-0A8D-4308-B4DF-51EFBCCB75ED}.Release|Any CPU.ActiveCfg = Release|Any CPU
		{547ADEAA-0A8D-4308-B4DF-51EFBCCB75ED}.Release|Any CPU.Build.0 = Release|Any CPU
		{547ADEAA-0A8D-4308-B4DF-51EFBCCB75ED}.Release|x64.ActiveCfg = Release|Any CPU
		{547ADEAA-0A8D-4308-B4DF-51EFBCCB75ED}.Release|x64.Build.0 = Release|Any CPU
		{547ADEAA-0A8D-4308-B4DF-51EFBCCB75ED}.Release|x86.ActiveCfg = Release|Any CPU
		{547ADEAA-0A8D-4308-B4DF-51EFBCCB75ED}.Release|x86.Build.0 = Release|Any CPU
		{D0B9B7C5-5F99-47CE-B060-A9612E7A9F71}.Debug|Any CPU.ActiveCfg = Debug|Any CPU
		{D0B9B7C5-5F99-47CE-B060-A9612E7A9F71}.Debug|Any CPU.Build.0 = Debug|Any CPU
		{D0B9B7C5-5F99-47CE-B060-A9612E7A9F71}.Debug|x64.ActiveCfg = Debug|Any CPU
		{D0B9B7C5-5F99-47CE-B060-A9612E7A9F71}.Debug|x64.Build.0 = Debug|Any CPU
		{D0B9B7C5-5F99-47CE-B060-A9612E7A9F71}.Debug|x86.ActiveCfg = Debug|Any CPU
		{D0B9B7C5-5F99-47CE-B060-A9612E7A9F71}.Debug|x86.Build.0 = Debug|Any CPU
		{D0B9B7C5-5F99-47CE-B060-A9612E7A9F71}.Release|Any CPU.ActiveCfg = Release|Any CPU
		{D0B9B7C5-5F99-47CE-B060-A9612E7A9F71}.Release|Any CPU.Build.0 = Release|Any CPU
		{D0B9B7C5-5F99-47CE-B060-A9612E7A9F71}.Release|x64.ActiveCfg = Release|Any CPU
		{D0B9B7C5-5F99-47CE-B060-A9612E7A9F71}.Release|x64.Build.0 = Release|Any CPU
		{D0B9B7C5-5F99-47CE-B060-A9612E7A9F71}.Release|x86.ActiveCfg = Release|Any CPU
		{D0B9B7C5-5F99-47CE-B060-A9612E7A9F71}.Release|x86.Build.0 = Release|Any CPU
	EndGlobalSection
	GlobalSection(SolutionProperties) = preSolution
		HideSolutionNode = FALSE
	EndGlobalSection
EndGlobal
