
Microsoft Visual Studio Solution File, Format Version 12.00
# Visual Studio Version 17
VisualStudioVersion = 17.0.31903.59
MinimumVisualStudioVersion = 10.0.40219.1
Project("{FAE04EC0-301F-11D3-BF4B-00C04F79EFBC}") = "VehicleRentalSystem.Domain", "VehicleRentalSystem.Domain\VehicleRentalSystem.Domain.csproj", "{7E33FAE8-B740-4A7A-9823-938E2BC59E87}"
EndProject
Project("{FAE04EC0-301F-11D3-BF4B-00C04F79EFBC}") = "VehicleRentalSystem.Infrastructure", "VehicleRentalSystem.Infrastructure\VehicleRentalSystem.Infrastructure.csproj", "{8845634D-D8F2-41B8-AD18-048B9A5C97B5}"
EndProject
Project("{FAE04EC0-301F-11D3-BF4B-00C04F79EFBC}") = "VehicleRentalSystem.Application", "VehicleRentalSystem.Application\VehicleRentalSystem.Application.csproj", "{E7D36B19-F9DC-4532-8A30-2976E9394670}"
EndProject
Project("{FAE04EC0-301F-11D3-BF4B-00C04F79EFBC}") = "VehicleRentalSystem.Presentation", "VehicleRentalSystem.Presentation\VehicleRentalSystem.Presentation.csproj", "{E52AB12E-9976-46E3-B309-AD049E585190}"
EndProject
Global
	GlobalSection(SolutionConfigurationPlatforms) = preSolution
		Debug|Any CPU = Debug|Any CPU
		Debug|x64 = Debug|x64
		Debug|x86 = Debug|x86
		Release|Any CPU = Release|Any CPU
		Release|x64 = Release|x64
		Release|x86 = Release|x86
	EndGlobalSection
	GlobalSection(ProjectConfigurationPlatforms) = postSolution
		{7E33FAE8-B740-4A7A-9823-938E2BC59E87}.Debug|Any CPU.ActiveCfg = Debug|Any CPU
		{7E33FAE8-B740-4A7A-9823-938E2BC59E87}.Debug|Any CPU.Build.0 = Debug|Any CPU
		{7E33FAE8-B740-4A7A-9823-938E2BC59E87}.Debug|x64.ActiveCfg = Debug|Any CPU
		{7E33FAE8-B740-4A7A-9823-938E2BC59E87}.Debug|x64.Build.0 = Debug|Any CPU
		{7E33FAE8-B740-4A7A-9823-938E2BC59E87}.Debug|x86.ActiveCfg = Debug|Any CPU
		{7E33FAE8-B740-4A7A-9823-938E2BC59E87}.Debug|x86.Build.0 = Debug|Any CPU
		{7E33FAE8-B740-4A7A-9823-938E2BC59E87}.Release|Any CPU.ActiveCfg = Release|Any CPU
		{7E33FAE8-B740-4A7A-9823-938E2BC59E87}.Release|Any CPU.Build.0 = Release|Any CPU
		{7E33FAE8-B740-4A7A-9823-938E2BC59E87}.Release|x64.ActiveCfg = Release|Any CPU
		{7E33FAE8-B740-4A7A-9823-938E2BC59E87}.Release|x64.Build.0 = Release|Any CPU
		{7E33FAE8-B740-4A7A-9823-938E2BC59E87}.Release|x86.ActiveCfg = Release|Any CPU
		{7E33FAE8-B740-4A7A-9823-938E2BC59E87}.Release|x86.Build.0 = Release|Any CPU
		{8845634D-D8F2-41B8-AD18-048B9A5C97B5}.Debug|Any CPU.ActiveCfg = Debug|Any CPU
		{8845634D-D8F2-41B8-AD18-048B9A5C97B5}.Debug|Any CPU.Build.0 = Debug|Any CPU
		{8845634D-D8F2-41B8-AD18-048B9A5C97B5}.Debug|x64.ActiveCfg = Debug|Any CPU
		{8845634D-D8F2-41B8-AD18-048B9A5C97B5}.Debug|x64.Build.0 = Debug|Any CPU
		{8845634D-D8F2-41B8-AD18-048B9A5C97B5}.Debug|x86.ActiveCfg = Debug|Any CPU
		{8845634D-D8F2-41B8-AD18-048B9A5C97B5}.Debug|x86.Build.0 = Debug|Any CPU
		{8845634D-D8F2-41B8-AD18-048B9A5C97B5}.Release|Any CPU.ActiveCfg = Release|Any CPU
		{8845634D-D8F2-41B8-AD18-048B9A5C97B5}.Release|Any CPU.Build.0 = Release|Any CPU
		{8845634D-D8F2-41B8-AD18-048B9A5C97B5}.Release|x64.ActiveCfg = Release|Any CPU
		{8845634D-D8F2-41B8-AD18-048B9A5C97B5}.Release|x64.Build.0 = Release|Any CPU
		{8845634D-D8F2-41B8-AD18-048B9A5C97B5}.Release|x86.ActiveCfg = Release|Any CPU
		{8845634D-D8F2-41B8-AD18-048B9A5C97B5}.Release|x86.Build.0 = Release|Any CPU
		{E7D36B19-F9DC-4532-8A30-2976E9394670}.Debug|Any CPU.ActiveCfg = Debug|Any CPU
		{E7D36B19-F9DC-4532-8A30-2976E9394670}.Debug|Any CPU.Build.0 = Debug|Any CPU
		{E7D36B19-F9DC-4532-8A30-2976E9394670}.Debug|x64.ActiveCfg = Debug|Any CPU
		{E7D36B19-F9DC-4532-8A30-2976E9394670}.Debug|x64.Build.0 = Debug|Any CPU
		{E7D36B19-F9DC-4532-8A30-2976E9394670}.Debug|x86.ActiveCfg = Debug|Any CPU
		{E7D36B19-F9DC-4532-8A30-2976E9394670}.Debug|x86.Build.0 = Debug|Any CPU
		{E7D36B19-F9DC-4532-8A30-2976E9394670}.Release|Any CPU.ActiveCfg = Release|Any CPU
		{E7D36B19-F9DC-4532-8A30-2976E9394670}.Release|Any CPU.Build.0 = Release|Any CPU
		{E7D36B19-F9DC-4532-8A30-2976E9394670}.Release|x64.ActiveCfg = Release|Any CPU
		{E7D36B19-F9DC-4532-8A30-2976E9394670}.Release|x64.Build.0 = Release|Any CPU
		{E7D36B19-F9DC-4532-8A30-2976E9394670}.Release|x86.ActiveCfg = Release|Any CPU
		{E7D36B19-F9DC-4532-8A30-2976E9394670}.Release|x86.Build.0 = Release|Any CPU
		{E52AB12E-9976-46E3-B309-AD049E585190}.Debug|Any CPU.ActiveCfg = Debug|Any CPU
		{E52AB12E-9976-46E3-B309-AD049E585190}.Debug|Any CPU.Build.0 = Debug|Any CPU
		{E52AB12E-9976-46E3-B309-AD049E585190}.Debug|x64.ActiveCfg = Debug|Any CPU
		{E52AB12E-9976-46E3-B309-AD049E585190}.Debug|x64.Build.0 = Debug|Any CPU
		{E52AB12E-9976-46E3-B309-AD049E585190}.Debug|x86.ActiveCfg = Debug|Any CPU
		{E52AB12E-9976-46E3-B309-AD049E585190}.Debug|x86.Build.0 = Debug|Any CPU
		{E52AB12E-9976-46E3-B309-AD049E585190}.Release|Any CPU.ActiveCfg = Release|Any CPU
		{E52AB12E-9976-46E3-B309-AD049E585190}.Release|Any CPU.Build.0 = Release|Any CPU
		{E52AB12E-9976-46E3-B309-AD049E585190}.Release|x64.ActiveCfg = Release|Any CPU
		{E52AB12E-9976-46E3-B309-AD049E585190}.Release|x64.Build.0 = Release|Any CPU
		{E52AB12E-9976-46E3-B309-AD049E585190}.Release|x86.ActiveCfg = Release|Any CPU
		{E52AB12E-9976-46E3-B309-AD049E585190}.Release|x86.Build.0 = Release|Any CPU
	EndGlobalSection
	GlobalSection(SolutionProperties) = preSolution
		HideSolutionNode = FALSE
	EndGlobalSection
EndGlobal
